
Microsoft Visual Studio Solution File, Format Version 12.00
# Visual Studio 15
VisualStudioVersion = 15.0.27703.2026
MinimumVisualStudioVersion = 10.0.40219.1
Project("{FAE04EC0-301F-11D3-BF4B-00C04F79EFBC}") = "DestructorsLineApplication", "DestructorsLineApplication\DestructorsLineApplication.csproj", "{C8B74323-008A-4C51-86F0-5FD29520F796}"
EndProject
Global
	GlobalSection(SolutionConfigurationPlatforms) = preSolution
		Debug|Any CPU = Debug|Any CPU
		Release|Any CPU = Release|Any CPU
	EndGlobalSection
	GlobalSection(ProjectConfigurationPlatforms) = postSolution
		{C8B74323-008A-4C51-86F0-5FD29520F796}.Debug|Any CPU.ActiveCfg = Debug|Any CPU
		{C8B74323-008A-4C51-86F0-5FD29520F796}.Debug|Any CPU.Build.0 = Debug|Any CPU
		{C8B74323-008A-4C51-86F0-5FD29520F796}.Release|Any CPU.ActiveCfg = Release|Any CPU
		{C8B74323-008A-4C51-86F0-5FD29520F796}.Release|Any CPU.Build.0 = Release|Any CPU
	EndGlobalSection
	GlobalSection(SolutionProperties) = preSolution
		HideSolutionNode = FALSE
	EndGlobalSection
	GlobalSection(ExtensibilityGlobals) = postSolution
		SolutionGuid = {64F563C0-41C2-4EEF-A46D-7ED6D958CA60}
	EndGlobalSection
EndGlobal
