
Microsoft Visual Studio Solution File, Format Version 12.00
# Visual Studio 15
VisualStudioVersion = 15.0.27703.2026
MinimumVisualStudioVersion = 10.0.40219.1
Project("{FAE04EC0-301F-11D3-BF4B-00C04F79EFBC}") = "AbstractClassesVirtualFunctionsPolymorphismApplication", "AbstractClassesVirtualFunctionsPolymorphismApplication\AbstractClassesVirtualFunctionsPolymorphismApplication.csproj", "{339DEA5C-BF78-404E-93F4-C89BDB234E7C}"
EndProject
Global
	GlobalSection(SolutionConfigurationPlatforms) = preSolution
		Debug|Any CPU = Debug|Any CPU
		Release|Any CPU = Release|Any CPU
	EndGlobalSection
	GlobalSection(ProjectConfigurationPlatforms) = postSolution
		{339DEA5C-BF78-404E-93F4-C89BDB234E7C}.Debug|Any CPU.ActiveCfg = Debug|Any CPU
		{339DEA5C-BF78-404E-93F4-C89BDB234E7C}.Debug|Any CPU.Build.0 = Debug|Any CPU
		{339DEA5C-BF78-404E-93F4-C89BDB234E7C}.Release|Any CPU.ActiveCfg = Release|Any CPU
		{339DEA5C-BF78-404E-93F4-C89BDB234E7C}.Release|Any CPU.Build.0 = Release|Any CPU
	EndGlobalSection
	GlobalSection(SolutionProperties) = preSolution
		HideSolutionNode = FALSE
	EndGlobalSection
	GlobalSection(ExtensibilityGlobals) = postSolution
		SolutionGuid = {B30C71B2-DB83-4DC3-B2F1-B063E330C9E9}
	EndGlobalSection
EndGlobal
