
Microsoft Visual Studio Solution File, Format Version 12.00
# Visual Studio 15
VisualStudioVersion = 15.0.27703.2026
MinimumVisualStudioVersion = 10.0.40219.1
Project("{FAE04EC0-301F-11D3-BF4B-00C04F79EFBC}") = "2D3DArrays", "2D3DArrays\2D3DArrays.csproj", "{EA765AA8-D9C4-4FC4-B8B4-614FBB8C7AFA}"
EndProject
Global
	GlobalSection(SolutionConfigurationPlatforms) = preSolution
		Debug|Any CPU = Debug|Any CPU
		Release|Any CPU = Release|Any CPU
	EndGlobalSection
	GlobalSection(ProjectConfigurationPlatforms) = postSolution
		{EA765AA8-D9C4-4FC4-B8B4-614FBB8C7AFA}.Debug|Any CPU.ActiveCfg = Debug|Any CPU
		{EA765AA8-D9C4-4FC4-B8B4-614FBB8C7AFA}.Debug|Any CPU.Build.0 = Debug|Any CPU
		{EA765AA8-D9C4-4FC4-B8B4-614FBB8C7AFA}.Release|Any CPU.ActiveCfg = Release|Any CPU
		{EA765AA8-D9C4-4FC4-B8B4-614FBB8C7AFA}.Release|Any CPU.Build.0 = Release|Any CPU
	EndGlobalSection
	GlobalSection(SolutionProperties) = preSolution
		HideSolutionNode = FALSE
	EndGlobalSection
	GlobalSection(ExtensibilityGlobals) = postSolution
		SolutionGuid = {425F156B-2541-427C-A2A0-FEAB4A483B0D}
	EndGlobalSection
EndGlobal
